// !$*UTF8*$!
{
	archiveVersion = 1;
	classes = {
	};
	objectVersion = 50;
	objects = {

/* Begin PBXBuildFile section */
		43D59462244BDA6600C9DBCC /* AppDelegate.swift in Sources */ = {isa = PBXBuildFile; fileRef = 43D59461244BDA6600C9DBCC /* AppDelegate.swift */; };
		43D59464244BDA6600C9DBCC /* SceneDelegate.swift in Sources */ = {isa = PBXBuildFile; fileRef = 43D59463244BDA6600C9DBCC /* SceneDelegate.swift */; };
		43D59466244BDA6600C9DBCC /* ContentView.swift in Sources */ = {isa = PBXBuildFile; fileRef = 43D59465244BDA6600C9DBCC /* ContentView.swift */; };
		43D59468244BDA6700C9DBCC /* Assets.xcassets in Resources */ = {isa = PBXBuildFile; fileRef = 43D59467244BDA6700C9DBCC /* Assets.xcassets */; };
		43D5946B244BDA6700C9DBCC /* Preview Assets.xcassets in Resources */ = {isa = PBXBuildFile; fileRef = 43D5946A244BDA6700C9DBCC /* Preview Assets.xcassets */; };
		43D5946E244BDA6700C9DBCC /* LaunchScreen.storyboard in Resources */ = {isa = PBXBuildFile; fileRef = 43D5946C244BDA6700C9DBCC /* LaunchScreen.storyboard */; };
/* End PBXBuildFile section */

/* Begin PBXFileReference section */
		43D5945E244BDA6600C9DBCC /* SwiftScroll.app */ = {isa = PBXFileReference; explicitFileType = wrapper.application; includeInIndex = 0; path = SwiftScroll.app; sourceTree = BUILT_PRODUCTS_DIR; };
		43D59461244BDA6600C9DBCC /* AppDelegate.swift */ = {isa = PBXFileReference; lastKnownFileType = sourcecode.swift; path = AppDelegate.swift; sourceTree = "<group>"; };
		43D59463244BDA6600C9DBCC /* SceneDelegate.swift */ = {isa = PBXFileReference; lastKnownFileType = sourcecode.swift; path = SceneDelegate.swift; sourceTree = "<group>"; };
		43D59465244BDA6600C9DBCC /* ContentView.swift */ = {isa = PBXFileReference; lastKnownFileType = sourcecode.swift; path = ContentView.swift; sourceTree = "<group>"; };
		43D59467244BDA6700C9DBCC /* Assets.xcassets */ = {isa = PBXFileReference; lastKnownFileType = folder.assetcatalog; path = Assets.xcassets; sourceTree = "<group>"; };
		43D5946A244BDA6700C9DBCC /* Preview Assets.xcassets */ = {isa = PBXFileReference; lastKnownFileType = folder.assetcatalog; path = "Preview Assets.xcassets"; sourceTree = "<group>"; };
		43D5946D244BDA6700C9DBCC /* Base */ = {isa = PBXFileReference; lastKnownFileType = file.storyboard; name = Base; path = Base.lproj/LaunchScreen.storyboard; sourceTree = "<group>"; };
		43D5946F244BDA6700C9DBCC /* Info.plist */ = {isa = PBXFileReference; lastKnownFileType = text.plist.xml; path = Info.plist; sourceTree = "<group>"; };
/* End PBXFileReference section */

/* Begin PBXFrameworksBuildPhase section */
		43D5945B244BDA6600C9DBCC /* Frameworks */ = {
			isa = PBXFrameworksBuildPhase;
			buildActionMask = 2147483647;
			files = (
			);
			runOnlyForDeploymentPostprocessing = 0;
		};
/* End PBXFrameworksBuildPhase section */

/* Begin PBXGroup section */
		43D59455244BDA6600C9DBCC = {
			isa = PBXGroup;
			children = (
				43D59460244BDA6600C9DBCC /* SwiftScroll */,
				43D5945F244BDA6600C9DBCC /* Products */,
			);
			sourceTree = "<group>";
		};
		43D5945F244BDA6600C9DBCC /* Products */ = {
			isa = PBXGroup;
			children = (
				43D5945E244BDA6600C9DBCC /* SwiftScroll.app */,
			);
			name = Products;
			sourceTree = "<group>";
		};
		43D59460244BDA6600C9DBCC /* SwiftScroll */ = {
			isa = PBXGroup;
			children = (
				43D59461244BDA6600C9DBCC /* AppDelegate.swift */,
				43D59463244BDA6600C9DBCC /* SceneDelegate.swift */,
				43D59465244BDA6600C9DBCC /* ContentView.swift */,
				43D59467244BDA6700C9DBCC /* Assets.xcassets */,
				43D5946C244BDA6700C9DBCC /* LaunchScreen.storyboard */,
				43D5946F244BDA6700C9DBCC /* Info.plist */,
				43D59469244BDA6700C9DBCC /* Preview Content */,
			);
			path = SwiftScroll;
			sourceTree = "<group>";
		};
		43D59469244BDA6700C9DBCC /* Preview Content */ = {
			isa = PBXGroup;
			children = (
				43D5946A244BDA6700C9DBCC /* Preview Assets.xcassets */,
			);
			path = "Preview Content";
			sourceTree = "<group>";
		};
/* End PBXGroup section */

/* Begin PBXNativeTarget section */
		43D5945D244BDA6600C9DBCC /* SwiftScroll */ = {
			isa = PBXNativeTarget;
			buildConfigurationList = 43D59472244BDA6700C9DBCC /* Build configuration list for PBXNativeTarget "SwiftScroll" */;
			buildPhases = (
				43D5945A244BDA6600C9DBCC /* Sources */,
				43D5945B244BDA6600C9DBCC /* Frameworks */,
				43D5945C244BDA6600C9DBCC /* Resources */,
			);
			buildRules = (
			);
			dependencies = (
			);
			name = SwiftScroll;
			productName = SwiftScroll;
			productReference = 43D5945E244BDA6600C9DBCC /* SwiftScroll.app */;
			productType = "com.apple.product-type.application";
		};
/* End PBXNativeTarget section */

/* Begin PBXProject section */
		43D59456244BDA6600C9DBCC /* Project object */ = {
			isa = PBXProject;
			attributes = {
				LastSwiftUpdateCheck = 1140;
				LastUpgradeCheck = 1140;
				ORGANIZATIONNAME = "Connor Lagana";
				TargetAttributes = {
					43D5945D244BDA6600C9DBCC = {
						CreatedOnToolsVersion = 11.4;
					};
				};
			};
			buildConfigurationList = 43D59459244BDA6600C9DBCC /* Build configuration list for PBXProject "SwiftScroll" */;
			compatibilityVersion = "Xcode 9.3";
			developmentRegion = en;
			hasScannedForEncodings = 0;
			knownRegions = (
				en,
				Base,
			);
			mainGroup = 43D59455244BDA6600C9DBCC;
			productRefGroup = 43D5945F244BDA6600C9DBCC /* Products */;
			projectDirPath = "";
			projectRoot = "";
			targets = (
				43D5945D244BDA6600C9DBCC /* SwiftScroll */,
			);
		};
/* End PBXProject section */

/* Begin PBXResourcesBuildPhase section */
		43D5945C244BDA6600C9DBCC /* Resources */ = {
			isa = PBXResourcesBuildPhase;
			buildActionMask = 2147483647;
			files = (
				43D5946E244BDA6700C9DBCC /* LaunchScreen.storyboard in Resources */,
				43D5946B244BDA6700C9DBCC /* Preview Assets.xcassets in Resources */,
				43D59468244BDA6700C9DBCC /* Assets.xcassets in Resources */,
			);
			runOnlyForDeploymentPostprocessing = 0;
		};
/* End PBXResourcesBuildPhase section */

/* Begin PBXSourcesBuildPhase section */
		43D5945A244BDA6600C9DBCC /* Sources */ = {
			isa = PBXSourcesBuildPhase;
			buildActionMask = 2147483647;
			files = (
				43D59462244BDA6600C9DBCC /* AppDelegate.swift in Sources */,
				43D59464244BDA6600C9DBCC /* SceneDelegate.swift in Sources */,
				43D59466244BDA6600C9DBCC /* ContentView.swift in Sources */,
			);
			runOnlyForDeploymentPostprocessing = 0;
		};
/* End PBXSourcesBuildPhase section */

/* Begin PBXVariantGroup section */
		43D5946C244BDA6700C9DBCC /* LaunchScreen.storyboard */ = {
			isa = PBXVariantGroup;
			children = (
				43D5946D244BDA6700C9DBCC /* Base */,
			);
			name = LaunchScreen.storyboard;
			sourceTree = "<group>";
		};
/* End PBXVariantGroup section */

/* Begin XCBuildConfiguration section */
		43D59470244BDA6700C9DBCC /* Debug */ = {
			isa = XCBuildConfiguration;
			buildSettings = {
				ALWAYS_SEARCH_USER_PATHS = NO;
				CLANG_ANALYZER_NONNULL = YES;
				CLANG_ANALYZER_NUMBER_OBJECT_CONVERSION = YES_AGGRESSIVE;
				CLANG_CXX_LANGUAGE_STANDARD = "gnu++14";
				CLANG_CXX_LIBRARY = "libc++";
				CLANG_ENABLE_MODULES = YES;
				CLANG_ENABLE_OBJC_ARC = YES;
				CLANG_ENABLE_OBJC_WEAK = YES;
				CLANG_WARN_BLOCK_CAPTURE_AUTORELEASING = YES;
				CLANG_WARN_BOOL_CONVERSION = YES;
				CLANG_WARN_COMMA = YES;
				CLANG_WARN_CONSTANT_CONVERSION = YES;
				CLANG_WARN_DEPRECATED_OBJC_IMPLEMENTATIONS = YES;
				CLANG_WARN_DIRECT_OBJC_ISA_USAGE = YES_ERROR;
				CLANG_WARN_DOCUMENTATION_COMMENTS = YES;
				CLANG_WARN_EMPTY_BODY = YES;
				CLANG_WARN_ENUM_CONVERSION = YES;
				CLANG_WARN_INFINITE_RECURSION = YES;
				CLANG_WARN_INT_CONVERSION = YES;
				CLANG_WARN_NON_LITERAL_NULL_CONVERSION = YES;
				CLANG_WARN_OBJC_IMPLICIT_RETAIN_SELF = YES;
				CLANG_WARN_OBJC_LITERAL_CONVERSION = YES;
				CLANG_WARN_OBJC_ROOT_CLASS = YES_ERROR;
				CLANG_WARN_RANGE_LOOP_ANALYSIS = YES;
				CLANG_WARN_STRICT_PROTOTYPES = YES;
				CLANG_WARN_SUSPICIOUS_MOVE = YES;
				CLANG_WARN_UNGUARDED_AVAILABILITY = YES_AGGRESSIVE;
				CLANG_WARN_UNREACHABLE_CODE = YES;
				CLANG_WARN__DUPLICATE_METHOD_MATCH = YES;
				COPY_PHASE_STRIP = NO;
				DEBUG_INFORMATION_FORMAT = dwarf;
				ENABLE_STRICT_OBJC_MSGSEND = YES;
				ENABLE_TESTABILITY = YES;
				GCC_C_LANGUAGE_STANDARD = gnu11;
				GCC_DYNAMIC_NO_PIC = NO;
				GCC_NO_COMMON_BLOCKS = YES;
				GCC_OPTIMIZATION_LEVEL = 0;
				GCC_PREPROCESSOR_DEFINITIONS = (
					"DEBUG=1",
					"$(inherited)",
				);
				GCC_WARN_64_TO_32_BIT_CONVERSION = YES;
				GCC_WARN_ABOUT_RETURN_TYPE = YES_ERROR;
				GCC_WARN_UNDECLARED_SELECTOR = YES;
				GCC_WARN_UNINITIALIZED_AUTOS = YES_AGGRESSIVE;
				GCC_WARN_UNUSED_FUNCTION = YES;
				GCC_WARN_UNUSED_VARIABLE = YES;
				IPHONEOS_DEPLOYMENT_TARGET = 13.4;
				MTL_ENABLE_DEBUG_INFO = INCLUDE_SOURCE;
				MTL_FAST_MATH = YES;
				ONLY_ACTIVE_ARCH = YES;
				SDKROOT = iphoneos;
				SWIFT_ACTIVE_COMPILATION_CONDITIONS = DEBUG;
				SWIFT_OPTIMIZATION_LEVEL = "-Onone";
			};
			name = Debug;
		};
		43D59471244BDA6700C9DBCC /* Release */ = {
			isa = XCBuildConfiguration;
			buildSettings = {
				ALWAYS_SEARCH_USER_PATHS = NO;
				CLANG_ANALYZER_NONNULL = YES;
				CLANG_ANALYZER_NUMBER_OBJECT_CONVERSION = YES_AGGRESSIVE;
				CLANG_CXX_LANGUAGE_STANDARD = "gnu++14";
				CLANG_CXX_LIBRARY = "libc++";
				CLANG_ENABLE_MODULES = YES;
				CLANG_ENABLE_OBJC_ARC = YES;
				CLANG_ENABLE_OBJC_WEAK = YES;
				CLANG_WARN_BLOCK_CAPTURE_AUTORELEASING = YES;
				CLANG_WARN_BOOL_CONVERSION = YES;
				CLANG_WARN_COMMA = YES;
				CLANG_WARN_CONSTANT_CONVERSION = YES;
				CLANG_WARN_DEPRECATED_OBJC_IMPLEMENTATIONS = YES;
				CLANG_WARN_DIRECT_OBJC_ISA_USAGE = YES_ERROR;
				CLANG_WARN_DOCUMENTATION_COMMENTS = YES;
				CLANG_WARN_EMPTY_BODY = YES;
				CLANG_WARN_ENUM_CONVERSION = YES;
				CLANG_WARN_INFINITE_RECURSION = YES;
				CLANG_WARN_INT_CONVERSION = YES;
				CLANG_WARN_NON_LITERAL_NULL_CONVERSION = YES;
				CLANG_WARN_OBJC_IMPLICIT_RETAIN_SELF = YES;
				CLANG_WARN_OBJC_LITERAL_CONVERSION = YES;
				CLANG_WARN_OBJC_ROOT_CLASS = YES_ERROR;
				CLANG_WARN_RANGE_LOOP_ANALYSIS = YES;
				CLANG_WARN_STRICT_PROTOTYPES = YES;
				CLANG_WARN_SUSPICIOUS_MOVE = YES;
				CLANG_WARN_UNGUARDED_AVAILABILITY = YES_AGGRESSIVE;
				CLANG_WARN_UNREACHABLE_CODE = YES;
				CLANG_WARN__DUPLICATE_METHOD_MATCH = YES;
				COPY_PHASE_STRIP = NO;
				DEBUG_INFORMATION_FORMAT = "dwarf-with-dsym";
				ENABLE_NS_ASSERTIONS = NO;
				ENABLE_STRICT_OBJC_MSGSEND = YES;
				GCC_C_LANGUAGE_STANDARD = gnu11;
				GCC_NO_COMMON_BLOCKS = YES;
				GCC_WARN_64_TO_32_BIT_CONVERSION = YES;
				GCC_WARN_ABOUT_RETURN_TYPE = YES_ERROR;
				GCC_WARN_UNDECLARED_SELECTOR = YES;
				GCC_WARN_UNINITIALIZED_AUTOS = YES_AGGRESSIVE;
				GCC_WARN_UNUSED_FUNCTION = YES;
				GCC_WARN_UNUSED_VARIABLE = YES;
				IPHONEOS_DEPLOYMENT_TARGET = 13.4;
				MTL_ENABLE_DEBUG_INFO = NO;
				MTL_FAST_MATH = YES;
				SDKROOT = iphoneos;
				SWIFT_COMPILATION_MODE = wholemodule;
				SWIFT_OPTIMIZATION_LEVEL = "-O";
				VALIDATE_PRODUCT = YES;
			};
			name = Release;
		};
		43D59473244BDA6700C9DBCC /* Debug */ = {
			isa = XCBuildConfiguration;
			buildSettings = {
				ASSETCATALOG_COMPILER_APPICON_NAME = AppIcon;
				CODE_SIGN_STYLE = Automatic;
				DEVELOPMENT_ASSET_PATHS = "\"SwiftScroll/Preview Content\"";
				DEVELOPMENT_TEAM = 977B62V6NR;
				ENABLE_PREVIEWS = YES;
				INFOPLIST_FILE = SwiftScroll/Info.plist;
				LD_RUNPATH_SEARCH_PATHS = (
					"$(inherited)",
					"@executable_path/Frameworks",
				);
				PRODUCT_BUNDLE_IDENTIFIER = com.odega.SwiftScroll;
				PRODUCT_NAME = "$(TARGET_NAME)";
				SWIFT_VERSION = 5.0;
				TARGETED_DEVICE_FAMILY = "1,2";
			};
			name = Debug;
		};
		43D59474244BDA6700C9DBCC /* Release */ = {
			isa = XCBuildConfiguration;
			buildSettings = {
				ASSETCATALOG_COMPILER_APPICON_NAME = AppIcon;
				CODE_SIGN_STYLE = Automatic;
				DEVELOPMENT_ASSET_PATHS = "\"SwiftScroll/Preview Content\"";
				DEVELOPMENT_TEAM = 977B62V6NR;
				ENABLE_PREVIEWS = YES;
				INFOPLIST_FILE = SwiftScroll/Info.plist;
				LD_RUNPATH_SEARCH_PATHS = (
					"$(inherited)",
					"@executable_path/Frameworks",
				);
				PRODUCT_BUNDLE_IDENTIFIER = com.odega.SwiftScroll;
				PRODUCT_NAME = "$(TARGET_NAME)";
				SWIFT_VERSION = 5.0;
				TARGETED_DEVICE_FAMILY = "1,2";
			};
			name = Release;
		};
/* End XCBuildConfiguration section */

/* Begin XCConfigurationList section */
		43D59459244BDA6600C9DBCC /* Build configuration list for PBXProject "SwiftScroll" */ = {
			isa = XCConfigurationList;
			buildConfigurations = (
				43D59470244BDA6700C9DBCC /* Debug */,
				43D59471244BDA6700C9DBCC /* Release */,
			);
			defaultConfigurationIsVisible = 0;
			defaultConfigurationName = Release;
		};
		43D59472244BDA6700C9DBCC /* Build configuration list for PBXNativeTarget "SwiftScroll" */ = {
			isa = XCConfigurationList;
			buildConfigurations = (
				43D59473244BDA6700C9DBCC /* Debug */,
				43D59474244BDA6700C9DBCC /* Release */,
			);
			defaultConfigurationIsVisible = 0;
			defaultConfigurationName = Release;
		};
/* End XCConfigurationList section */
	};
	rootObject = 43D59456244BDA6600C9DBCC /* Project object */;
}
